<?xml version="1.0" encoding="utf-8"?>
<Project ToolsVersion="4.0" xmlns="http://schemas.microsoft.com/developer/msbuild/2003">
  <ItemGroup>
    <Filter Include="Source Files">
      <UniqueIdentifier>{4FC737F1-C7A5-4376-A066-2A32D752A2FF}</UniqueIdentifier>
      <Extensions>cpp;c;cc;cxx;def;odl;idl;hpj;bat;asm;asmx</Extensions>
    </Filter>
    <Filter Include="Header Files">
      <UniqueIdentifier>{93995380-89BD-4b04-88EB-625FBE52EBFB}</UniqueIdentifier>
      <Extensions>h;hh;hpp;hxx;hm;inl;inc;xsd</Extensions>
    </Filter>
    <Filter Include="Resource Files">
      <UniqueIdentifier>{67DA6AB6-F800-4c08-8B7A-83BB121AAD01}</UniqueIdentifier>
      <Extensions>rc;ico;cur;bmp;dlg;rc2;rct;bin;rgs;gif;jpg;jpeg;jpe;resx;tiff;tif;png;wav;mfcribbon-ms</Extensions>
    </Filter>
    <Filter Include="Header Files\Tetriminos">
      <UniqueIdentifier>{07ab60d2-16ff-4441-950d-bf252de302ed}</UniqueIdentifier>
    </Filter>
    <Filter Include="Source Files\Tetriminos">
      <UniqueIdentifier>{cc15b609-68d2-4886-a3e4-2ad75b13d4bb}</UniqueIdentifier>
    </Filter>
  </ItemGroup>
  <ItemGroup>
    <ClCompile Include="main.cpp">
      <Filter>Source Files</Filter>
    </ClCompile>
    <ClCompile Include="GameObject.cpp">
      <Filter>Source Files</Filter>
    </ClCompile>
    <ClCompile Include="TetrisBoard.cpp">
      <Filter>Source Files</Filter>
    </ClCompile>
    <ClCompile Include="Block.cpp">
      <Filter>Source Files</Filter>
    </ClCompile>
    <ClCompile Include="Tetrimino.cpp">
      <Filter>Source Files</Filter>
    </ClCompile>
    <ClCompile Include="ITetrimino.cpp">
      <Filter>Source Files\Tetriminos</Filter>
    </ClCompile>
    <ClCompile Include="JTetrimino.cpp">
      <Filter>Source Files\Tetriminos</Filter>
    </ClCompile>
    <ClCompile Include="LTetrimino.cpp">
      <Filter>Source Files\Tetriminos</Filter>
    </ClCompile>
    <ClCompile Include="OTetrimino.cpp">
      <Filter>Source Files\Tetriminos</Filter>
    </ClCompile>
    <ClCompile Include="STetrimino.cpp">
      <Filter>Source Files\Tetriminos</Filter>
    </ClCompile>
    <ClCompile Include="TTetrimino.cpp">
      <Filter>Source Files\Tetriminos</Filter>
    </ClCompile>
    <ClCompile Include="ZTetrimino.cpp">
      <Filter>Source Files\Tetriminos</Filter>
    </ClCompile>
    <ClCompile Include="BoardPositionComponent.cpp">
      <Filter>Source Files</Filter>
    </ClCompile>
    <ClCompile Include="BoardGraphicsComponent.cpp">
      <Filter>Source Files</Filter>
    </ClCompile>
    <ClCompile Include="TetrisGame.cpp">
      <Filter>Source Files</Filter>
    </ClCompile>
    <ClCompile Include="PositionComponent.cpp">
      <Filter>Source Files</Filter>
    </ClCompile>
    <ClCompile Include="RenderSystem.cpp">
      <Filter>Source Files</Filter>
    </ClCompile>
    <ClCompile Include="GraphicsComponent.cpp">
      <Filter>Source Files</Filter>
    </ClCompile>
    <ClCompile Include="Component.cpp">
      <Filter>Source Files</Filter>
    </ClCompile>
  </ItemGroup>
  <ItemGroup>
    <ClInclude Include="GameObject.h">
      <Filter>Header Files</Filter>
    </ClInclude>
    <ClInclude Include="TetrisBoard.h">
      <Filter>Header Files</Filter>
    </ClInclude>
    <ClInclude Include="TetriminoColors.h">
      <Filter>Header Files</Filter>
    </ClInclude>
    <ClInclude Include="Block.h">
      <Filter>Header Files</Filter>
    </ClInclude>
    <ClInclude Include="ITetrimino.h">
      <Filter>Header Files\Tetriminos</Filter>
    </ClInclude>
    <ClInclude Include="JTetrimino.h">
      <Filter>Header Files\Tetriminos</Filter>
    </ClInclude>
    <ClInclude Include="LTetrimino.h">
      <Filter>Header Files\Tetriminos</Filter>
    </ClInclude>
    <ClInclude Include="OTetrimino.h">
      <Filter>Header Files\Tetriminos</Filter>
    </ClInclude>
    <ClInclude Include="STetrimino.h">
      <Filter>Header Files\Tetriminos</Filter>
    </ClInclude>
    <ClInclude Include="TTetrimino.h">
      <Filter>Header Files\Tetriminos</Filter>
    </ClInclude>
    <ClInclude Include="ZTetrimino.h">
      <Filter>Header Files\Tetriminos</Filter>
    </ClInclude>
    <ClInclude Include="BoardPositionComponent.h">
      <Filter>Header Files</Filter>
    </ClInclude>
    <ClInclude Include="Tetrimino.h">
      <Filter>Header Files</Filter>
    </ClInclude>
    <ClInclude Include="BoardGraphicsComponent.h">
      <Filter>Header Files</Filter>
    </ClInclude>
    <ClInclude Include="TetrisGame.h">
      <Filter>Header Files</Filter>
    </ClInclude>
    <ClInclude Include="PositionComponent.h">
      <Filter>Header Files</Filter>
    </ClInclude>
    <ClInclude Include="RenderSystem.h">
      <Filter>Header Files</Filter>
    </ClInclude>
    <ClInclude Include="GraphicsComponent.h">
      <Filter>Header Files</Filter>
    </ClInclude>
    <ClInclude Include="ComponentIDs.h">
      <Filter>Source Files</Filter>
    </ClInclude>
    <ClInclude Include="Component.h">
      <Filter>Header Files</Filter>
    </ClInclude>
  </ItemGroup>
</Project>